# THIS IS AN AUTOGENERATED FILE. DO NOT EDIT THIS FILE DIRECTLY.
# yarn lockfile v1


"@angular/cdk@^11.2.12":
  version "11.2.12"
  resolved "https://registry.yarnpkg.com/@angular/cdk/-/cdk-11.2.12.tgz#c1c9c8d4a5763745fe2d324fc253f221b9c2b1b3"
  integrity sha512-LImCQQ7n5OnTGXBAx1BaHgBBbdXiEtsNcHk5RvVURya9sswRcXRoa48EG3RyuT8mtqWsUdOX9+v4nCINLG4hZA==
  dependencies:
    tslib "^2.0.0"
  optionalDependencies:
    parse5 "^5.0.0"

"@angular/common@^11.2.13":
  version "11.2.13"
  resolved "https://registry.yarnpkg.com/@angular/common/-/common-11.2.13.tgz#fedd5eda9c2c5340d8d7310bdbd4606636eb7a41"
  integrity sha512-96iZ4wlZado78yG6eY/ZmY6+H2X2hJi2XsK7iXKzc5h3oeILEkt+ulfBNkCNjMm8xPYBmLrSBueG96/T4/Bi5w==
  dependencies:
    tslib "^2.0.0"

"@angular/compiler@^11.2.13":
  version "11.2.13"
  resolved "https://registry.yarnpkg.com/@angular/compiler/-/compiler-11.2.13.tgz#3f41c1a18b62959db3a314b1a809ace607a68c81"
  integrity sha512-HI7gfVozFW/rQoab0zVyYpU8PRHNWMk+pLc+q3ukVuByCmnBZ6kTAEQX2jnXVY8QGMmdptBgrsW/OsFaws98Zw==
  dependencies:
    tslib "^2.0.0"

"@angular/core@^11.2.13":
  version "11.2.13"
  resolved "https://registry.yarnpkg.com/@angular/core/-/core-11.2.13.tgz#34649d2c5fee416192e90a4187233b338e3d354d"
  integrity sha512-xMKskq/Sbf8dkX/vx4WCwXMpDTJJ77rGlP8fVTB8az8QeOa14i6AdpmSXaJ8sl68R3v8Y1Pa9yBQytbKuxShqQ==
  dependencies:
    tslib "^2.0.0"

"@angular/forms@^11.2.13":
  version "11.2.13"
  resolved "https://registry.yarnpkg.com/@angular/forms/-/forms-11.2.13.tgz#9cfe516d7186e4d6e75b8729910c23b7a3833aeb"
  integrity sha512-Q5vNHycS+II2xYOE/HJB4NoYg/Ngg6hPF+0KXdCA7L4kfrwx5Fsi4oZ6gRRnSpzSGedISpSU4VE5wPiq7zJ3+A==
  dependencies:
    tslib "^2.0.0"

"@angular/material@^11.2.12":
  version "11.2.12"
  resolved "https://registry.yarnpkg.com/@angular/material/-/material-11.2.12.tgz#625778113075bddb92f13ab03a8a513178f2b5a8"
  integrity sha512-n3HDKoM552jLcmxtpTYzMUzV6V9vUBKyNs7SNdUfjuK00VJlTWMu03g/QWOj2Y9KftOuDUa8+N2XodwAr+jtCw==
  dependencies:
    tslib "^2.0.0"

"@angular/platform-browser-dynamic@^11.2.13":
  version "11.2.13"
  resolved "https://registry.yarnpkg.com/@angular/platform-browser-dynamic/-/platform-browser-dynamic-11.2.13.tgz#95e8390da4005cda594643a55cb7a80a41784059"
  integrity sha512-EHCG8fhnurhHUq+XKyKL3bYEcQThRYyzIJTJig28ulgvQd4TAKAbw8osL9rpjNUnCM1HjDXOqnCcPnsQIPIzMg==
  dependencies:
    tslib "^2.0.0"

"@angular/platform-browser@^11.2.13":
  version "11.2.13"
  resolved "https://registry.yarnpkg.com/@angular/platform-browser/-/platform-browser-11.2.13.tgz#39bea0d6f9e7803f22082d3c8f0fb7ed4b68c43d"
  integrity sha512-V70Pf3jJPbeXsiy9mtVMctVBIIoqiDhsoI+6lCehf/LaJR33oUizj+RS1wlpgOECIj9oD5EqzdvxEukR0PpnoQ==
  dependencies:
    tslib "^2.0.0"

"@angular/router@^11.2.13":
  version "11.2.13"
  resolved "https://registry.yarnpkg.com/@angular/router/-/router-11.2.13.tgz#aab59dbc24f5be3ff6b5252e0bd8e57212d1604e"
  integrity sha512-Fae/ViC4Ho2rGF5wQLrnJcucuhVGx29QqZs2K0C6sj4UUNRUzYWZknnGWqRj3Z9ft7XIi38Q2yCkSc76iS1aqQ==
  dependencies:
    tslib "^2.0.0"

parse5@^5.0.0:
  version "5.1.1"
  resolved "https://registry.yarnpkg.com/parse5/-/parse5-5.1.1.tgz#f68e4e5ba1852ac2cadc00f4555fff6c2abb6178"
  integrity sha512-ugq4DFI0Ptb+WWjAdOK16+u/nHfiIrcE+sh8kZMaM0WllQKLI9rOUq6c2b7cwPkXdzfQESqvoqK6ug7U/Yyzug==

rxjs@6.5.4:
  version "6.5.4"
  resolved "https://registry.yarnpkg.com/rxjs/-/rxjs-6.5.4.tgz#e0777fe0d184cec7872df147f303572d414e211c"
  integrity sha512-naMQXcgEo3csAEGvw/NydRA0fuS2nDZJiw1YUWFKU7aPPAPGZEsD4Iimit96qwCieH6y614MCLYwdkrWx7z/7Q==
  dependencies:
    tslib "^1.9.0"

tslib@^1.9.0:
  version "1.11.1"
  resolved "https://registry.yarnpkg.com/tslib/-/tslib-1.11.1.tgz#eb15d128827fbee2841549e171f45ed338ac7e35"
  integrity sha512-aZW88SY8kQbU7gpV19lN24LtXh/yD4ZZg6qieAJDDg+YBsJcSmLGK9QpnUjAKVG/xefmvJGd1WUmfpT/g6AJGA==

tslib@^2.0.0:
  version "2.2.0"
  resolved "https://registry.yarnpkg.com/tslib/-/tslib-2.2.0.tgz#fb2c475977e35e241311ede2693cee1ec6698f5c"
  integrity sha512-gS9GVHRU+RGn5KQM2rllAlR3dU6m7AcpJKdtH8gFvQiC4Otgk98XnmMU+nZenHt/+VhnBPWwgrJsyrdcw6i23w==
